// !$*UTF8*$!
{
	archiveVersion = 1;
	classes = {
	};
	objectVersion = 56;
	objects = {

/* Begin PBXBuildFile section */
		D16CECAE29DF951D00950F35 /* LandmarksApp.swift in Sources */ = {isa = PBXBuildFile; fileRef = D16CECAD29DF951D00950F35 /* LandmarksApp.swift */; };
		D16CECB029DF951D00950F35 /* ContentView.swift in Sources */ = {isa = PBXBuildFile; fileRef = D16CECAF29DF951D00950F35 /* ContentView.swift */; };
		D16CECB229DF951E00950F35 /* Assets.xcassets in Resources */ = {isa = PBXBuildFile; fileRef = D16CECB129DF951E00950F35 /* Assets.xcassets */; };
		D16CECB529DF951E00950F35 /* Preview Assets.xcassets in Resources */ = {isa = PBXBuildFile; fileRef = D16CECB429DF951E00950F35 /* Preview Assets.xcassets */; };
		D16CECBC29DF9C8A00950F35 /* CircleImage.swift in Sources */ = {isa = PBXBuildFile; fileRef = D16CECBB29DF9C8A00950F35 /* CircleImage.swift */; };
		D16CECBE29DF9CFC00950F35 /* MapView.swift in Sources */ = {isa = PBXBuildFile; fileRef = D16CECBD29DF9CFC00950F35 /* MapView.swift */; };
		D16CECC029DFA79000950F35 /* landmarkData.json in Resources */ = {isa = PBXBuildFile; fileRef = D16CECBF29DFA79000950F35 /* landmarkData.json */; };
		D16CECC229DFA79A00950F35 /* Landmark.swift in Sources */ = {isa = PBXBuildFile; fileRef = D16CECC129DFA79A00950F35 /* Landmark.swift */; };
		D16CECC429E0356600950F35 /* ModelData.swift in Sources */ = {isa = PBXBuildFile; fileRef = D16CECC329E0356600950F35 /* ModelData.swift */; };
		D16CECC929E0365700950F35 /* LandmarkRow.swift in Sources */ = {isa = PBXBuildFile; fileRef = D16CECC829E0365700950F35 /* LandmarkRow.swift */; };
		D16CECCB29E037EF00950F35 /* LandmarkList.swift in Sources */ = {isa = PBXBuildFile; fileRef = D16CECCA29E037EF00950F35 /* LandmarkList.swift */; };
		D16CECCD29E038CE00950F35 /* LandmarkDetail.swift in Sources */ = {isa = PBXBuildFile; fileRef = D16CECCC29E038CE00950F35 /* LandmarkDetail.swift */; };
		D16D21A429E0DB0800DB57F2 /* FavoriteButton.swift in Sources */ = {isa = PBXBuildFile; fileRef = D16D21A329E0DB0800DB57F2 /* FavoriteButton.swift */; };
		D16D21A829E4E70B00DB57F2 /* HexagonParameters.swift in Sources */ = {isa = PBXBuildFile; fileRef = D16D21A729E4E70B00DB57F2 /* HexagonParameters.swift */; };
		D16D21AA29E4E77600DB57F2 /* BadgeBackground.swift in Sources */ = {isa = PBXBuildFile; fileRef = D16D21A929E4E77600DB57F2 /* BadgeBackground.swift */; };
		D16D21AC29E4E9A100DB57F2 /* BadgeSymbol.swift in Sources */ = {isa = PBXBuildFile; fileRef = D16D21AB29E4E9A100DB57F2 /* BadgeSymbol.swift */; };
		D16D21AE29E4E9EA00DB57F2 /* RotatedBadgeSymbol.swift in Sources */ = {isa = PBXBuildFile; fileRef = D16D21AD29E4E9EA00DB57F2 /* RotatedBadgeSymbol.swift */; };
		D16D21B029E4EA3200DB57F2 /* Badge.swift in Sources */ = {isa = PBXBuildFile; fileRef = D16D21AF29E4EA3200DB57F2 /* Badge.swift */; };
		D1D1CE5229FC8ECF007C3D04 /* hikeData.json in Resources */ = {isa = PBXBuildFile; fileRef = D1D1CE5129FC8ECF007C3D04 /* hikeData.json */; };
		D1D1CE5429FC8ED8007C3D04 /* Hike.swift in Sources */ = {isa = PBXBuildFile; fileRef = D1D1CE5329FC8ED8007C3D04 /* Hike.swift */; };
		D1D1CE6729FC8F9C007C3D04 /* GraphCapsule.swift in Sources */ = {isa = PBXBuildFile; fileRef = D1D1CE6329FC8F9C007C3D04 /* GraphCapsule.swift */; };
		D1D1CE6829FC8F9C007C3D04 /* HikeGraph.swift in Sources */ = {isa = PBXBuildFile; fileRef = D1D1CE6429FC8F9C007C3D04 /* HikeGraph.swift */; };
		D1D1CE6929FC8F9C007C3D04 /* HikeDetail.swift in Sources */ = {isa = PBXBuildFile; fileRef = D1D1CE6529FC8F9C007C3D04 /* HikeDetail.swift */; };
		D1D1CE6A29FC8F9C007C3D04 /* HikeView.swift in Sources */ = {isa = PBXBuildFile; fileRef = D1D1CE6629FC8F9C007C3D04 /* HikeView.swift */; };
		D1D1CE6D29FC94AE007C3D04 /* CategoryHome.swift in Sources */ = {isa = PBXBuildFile; fileRef = D1D1CE6C29FC94AE007C3D04 /* CategoryHome.swift */; };
		D1D1CE6F29FC95D6007C3D04 /* CategoryRow.swift in Sources */ = {isa = PBXBuildFile; fileRef = D1D1CE6E29FC95D6007C3D04 /* CategoryRow.swift */; };
		D1D1CE7229FC96D3007C3D04 /* CategoryItem.swift in Sources */ = {isa = PBXBuildFile; fileRef = D1D1CE7129FC96D3007C3D04 /* CategoryItem.swift */; };
/* End PBXBuildFile section */

/* Begin PBXFileReference section */
		D16CECAA29DF951D00950F35 /* Landmarks.app */ = {isa = PBXFileReference; explicitFileType = wrapper.application; includeInIndex = 0; path = Landmarks.app; sourceTree = BUILT_PRODUCTS_DIR; };
		D16CECAD29DF951D00950F35 /* LandmarksApp.swift */ = {isa = PBXFileReference; lastKnownFileType = sourcecode.swift; path = LandmarksApp.swift; sourceTree = "<group>"; };
		D16CECAF29DF951D00950F35 /* ContentView.swift */ = {isa = PBXFileReference; lastKnownFileType = sourcecode.swift; path = ContentView.swift; sourceTree = "<group>"; };
		D16CECB129DF951E00950F35 /* Assets.xcassets */ = {isa = PBXFileReference; lastKnownFileType = folder.assetcatalog; path = Assets.xcassets; sourceTree = "<group>"; };
		D16CECB429DF951E00950F35 /* Preview Assets.xcassets */ = {isa = PBXFileReference; lastKnownFileType = folder.assetcatalog; path = "Preview Assets.xcassets"; sourceTree = "<group>"; };
		D16CECBB29DF9C8A00950F35 /* CircleImage.swift */ = {isa = PBXFileReference; lastKnownFileType = sourcecode.swift; path = CircleImage.swift; sourceTree = "<group>"; };
		D16CECBD29DF9CFC00950F35 /* MapView.swift */ = {isa = PBXFileReference; lastKnownFileType = sourcecode.swift; path = MapView.swift; sourceTree = "<group>"; };
		D16CECBF29DFA79000950F35 /* landmarkData.json */ = {isa = PBXFileReference; fileEncoding = 4; lastKnownFileType = text.json; path = landmarkData.json; sourceTree = "<group>"; };
		D16CECC129DFA79A00950F35 /* Landmark.swift */ = {isa = PBXFileReference; lastKnownFileType = sourcecode.swift; path = Landmark.swift; sourceTree = "<group>"; };
		D16CECC329E0356600950F35 /* ModelData.swift */ = {isa = PBXFileReference; lastKnownFileType = sourcecode.swift; path = ModelData.swift; sourceTree = "<group>"; };
		D16CECC829E0365700950F35 /* LandmarkRow.swift */ = {isa = PBXFileReference; lastKnownFileType = sourcecode.swift; path = LandmarkRow.swift; sourceTree = "<group>"; };
		D16CECCA29E037EF00950F35 /* LandmarkList.swift */ = {isa = PBXFileReference; lastKnownFileType = sourcecode.swift; path = LandmarkList.swift; sourceTree = "<group>"; };
		D16CECCC29E038CE00950F35 /* LandmarkDetail.swift */ = {isa = PBXFileReference; lastKnownFileType = sourcecode.swift; path = LandmarkDetail.swift; sourceTree = "<group>"; };
		D16D21A329E0DB0800DB57F2 /* FavoriteButton.swift */ = {isa = PBXFileReference; lastKnownFileType = sourcecode.swift; path = FavoriteButton.swift; sourceTree = "<group>"; };
		D16D21A729E4E70B00DB57F2 /* HexagonParameters.swift */ = {isa = PBXFileReference; lastKnownFileType = sourcecode.swift; path = HexagonParameters.swift; sourceTree = "<group>"; };
		D16D21A929E4E77600DB57F2 /* BadgeBackground.swift */ = {isa = PBXFileReference; lastKnownFileType = sourcecode.swift; path = BadgeBackground.swift; sourceTree = "<group>"; };
		D16D21AB29E4E9A100DB57F2 /* BadgeSymbol.swift */ = {isa = PBXFileReference; lastKnownFileType = sourcecode.swift; path = BadgeSymbol.swift; sourceTree = "<group>"; };
		D16D21AD29E4E9EA00DB57F2 /* RotatedBadgeSymbol.swift */ = {isa = PBXFileReference; lastKnownFileType = sourcecode.swift; path = RotatedBadgeSymbol.swift; sourceTree = "<group>"; };
		D16D21AF29E4EA3200DB57F2 /* Badge.swift */ = {isa = PBXFileReference; lastKnownFileType = sourcecode.swift; path = Badge.swift; sourceTree = "<group>"; };
		D1D1CE5129FC8ECF007C3D04 /* hikeData.json */ = {isa = PBXFileReference; fileEncoding = 4; lastKnownFileType = text.json; path = hikeData.json; sourceTree = "<group>"; };
		D1D1CE5329FC8ED8007C3D04 /* Hike.swift */ = {isa = PBXFileReference; lastKnownFileType = sourcecode.swift; path = Hike.swift; sourceTree = "<group>"; };
		D1D1CE6329FC8F9C007C3D04 /* GraphCapsule.swift */ = {isa = PBXFileReference; fileEncoding = 4; lastKnownFileType = sourcecode.swift; path = GraphCapsule.swift; sourceTree = "<group>"; };
		D1D1CE6429FC8F9C007C3D04 /* HikeGraph.swift */ = {isa = PBXFileReference; fileEncoding = 4; lastKnownFileType = sourcecode.swift; path = HikeGraph.swift; sourceTree = "<group>"; };
		D1D1CE6529FC8F9C007C3D04 /* HikeDetail.swift */ = {isa = PBXFileReference; fileEncoding = 4; lastKnownFileType = sourcecode.swift; path = HikeDetail.swift; sourceTree = "<group>"; };
		D1D1CE6629FC8F9C007C3D04 /* HikeView.swift */ = {isa = PBXFileReference; fileEncoding = 4; lastKnownFileType = sourcecode.swift; path = HikeView.swift; sourceTree = "<group>"; };
		D1D1CE6C29FC94AE007C3D04 /* CategoryHome.swift */ = {isa = PBXFileReference; lastKnownFileType = sourcecode.swift; path = CategoryHome.swift; sourceTree = "<group>"; };
		D1D1CE6E29FC95D6007C3D04 /* CategoryRow.swift */ = {isa = PBXFileReference; lastKnownFileType = sourcecode.swift; path = CategoryRow.swift; sourceTree = "<group>"; };
		D1D1CE7129FC96D3007C3D04 /* CategoryItem.swift */ = {isa = PBXFileReference; lastKnownFileType = sourcecode.swift; path = CategoryItem.swift; sourceTree = "<group>"; };
/* End PBXFileReference section */

/* Begin PBXFrameworksBuildPhase section */
		D16CECA729DF951D00950F35 /* Frameworks */ = {
			isa = PBXFrameworksBuildPhase;
			buildActionMask = 2147483647;
			files = (
			);
			runOnlyForDeploymentPostprocessing = 0;
		};
/* End PBXFrameworksBuildPhase section */

/* Begin PBXGroup section */
		D16CECA129DF951D00950F35 = {
			isa = PBXGroup;
			children = (
				D16CECAC29DF951D00950F35 /* Landmarks */,
				D16CECAB29DF951D00950F35 /* Products */,
			);
			sourceTree = "<group>";
		};
		D16CECAB29DF951D00950F35 /* Products */ = {
			isa = PBXGroup;
			children = (
				D16CECAA29DF951D00950F35 /* Landmarks.app */,
			);
			name = Products;
			sourceTree = "<group>";
		};
		D16CECAC29DF951D00950F35 /* Landmarks */ = {
			isa = PBXGroup;
			children = (
				D16CECAD29DF951D00950F35 /* LandmarksApp.swift */,
				D16CECC529E0361A00950F35 /* Views */,
				D16CECC629E0362300950F35 /* Model */,
				D16CECC729E0362800950F35 /* Resources */,
				D16CECB129DF951E00950F35 /* Assets.xcassets */,
				D16CECB329DF951E00950F35 /* Preview Content */,
			);
			path = Landmarks;
			sourceTree = "<group>";
		};
		D16CECB329DF951E00950F35 /* Preview Content */ = {
			isa = PBXGroup;
			children = (
				D16CECB429DF951E00950F35 /* Preview Assets.xcassets */,
			);
			path = "Preview Content";
			sourceTree = "<group>";
		};
		D16CECC529E0361A00950F35 /* Views */ = {
			isa = PBXGroup;
			children = (
				D16CECAF29DF951D00950F35 /* ContentView.swift */,
				D16D21A729E4E70B00DB57F2 /* HexagonParameters.swift */,
				D1D1CE6B29FC9494007C3D04 /* Categories */,
				D1D1CE6229FC8F9C007C3D04 /* Hikes */,
				D16D21B129E4EEC600DB57F2 /* Badge */,
				D16D21A629E0DC4600DB57F2 /* Landmarks */,
				D16D21A529E0DC3E00DB57F2 /* Helpers */,
			);
			path = Views;
			sourceTree = "<group>";
		};
		D16CECC629E0362300950F35 /* Model */ = {
			isa = PBXGroup;
			children = (
				D16CECC329E0356600950F35 /* ModelData.swift */,
				D16CECC129DFA79A00950F35 /* Landmark.swift */,
				D1D1CE5329FC8ED8007C3D04 /* Hike.swift */,
			);
			path = Model;
			sourceTree = "<group>";
		};
		D16CECC729E0362800950F35 /* Resources */ = {
			isa = PBXGroup;
			children = (
				D1D1CE5129FC8ECF007C3D04 /* hikeData.json */,
				D16CECBF29DFA79000950F35 /* landmarkData.json */,
			);
			path = Resources;
			sourceTree = "<group>";
		};
		D16D21A529E0DC3E00DB57F2 /* Helpers */ = {
			isa = PBXGroup;
			children = (
				D16CECBB29DF9C8A00950F35 /* CircleImage.swift */,
				D16CECBD29DF9CFC00950F35 /* MapView.swift */,
				D16D21A329E0DB0800DB57F2 /* FavoriteButton.swift */,
			);
			path = Helpers;
			sourceTree = "<group>";
		};
		D16D21A629E0DC4600DB57F2 /* Landmarks */ = {
			isa = PBXGroup;
			children = (
				D16CECC829E0365700950F35 /* LandmarkRow.swift */,
				D16CECCA29E037EF00950F35 /* LandmarkList.swift */,
				D16CECCC29E038CE00950F35 /* LandmarkDetail.swift */,
			);
			path = Landmarks;
			sourceTree = "<group>";
		};
		D16D21B129E4EEC600DB57F2 /* Badge */ = {
			isa = PBXGroup;
			children = (
				D16D21A929E4E77600DB57F2 /* BadgeBackground.swift */,
				D16D21AB29E4E9A100DB57F2 /* BadgeSymbol.swift */,
				D16D21AD29E4E9EA00DB57F2 /* RotatedBadgeSymbol.swift */,
				D16D21AF29E4EA3200DB57F2 /* Badge.swift */,
			);
			path = Badge;
			sourceTree = "<group>";
		};
		D1D1CE6229FC8F9C007C3D04 /* Hikes */ = {
			isa = PBXGroup;
			children = (
				D1D1CE6329FC8F9C007C3D04 /* GraphCapsule.swift */,
				D1D1CE6429FC8F9C007C3D04 /* HikeGraph.swift */,
				D1D1CE6529FC8F9C007C3D04 /* HikeDetail.swift */,
				D1D1CE6629FC8F9C007C3D04 /* HikeView.swift */,
			);
			path = Hikes;
			sourceTree = "<group>";
		};
		D1D1CE6B29FC9494007C3D04 /* Categories */ = {
			isa = PBXGroup;
			children = (
				D1D1CE6C29FC94AE007C3D04 /* CategoryHome.swift */,
				D1D1CE6E29FC95D6007C3D04 /* CategoryRow.swift */,
				D1D1CE7129FC96D3007C3D04 /* CategoryItem.swift */,
			);
			path = Categories;
			sourceTree = "<group>";
		};
/* End PBXGroup section */

/* Begin PBXNativeTarget section */
		D16CECA929DF951D00950F35 /* Landmarks */ = {
			isa = PBXNativeTarget;
			buildConfigurationList = D16CECB829DF951E00950F35 /* Build configuration list for PBXNativeTarget "Landmarks" */;
			buildPhases = (
				D16CECA629DF951D00950F35 /* Sources */,
				D16CECA729DF951D00950F35 /* Frameworks */,
				D16CECA829DF951D00950F35 /* Resources */,
			);
			buildRules = (
			);
			dependencies = (
			);
			name = Landmarks;
			productName = Landmarks;
			productReference = D16CECAA29DF951D00950F35 /* Landmarks.app */;
			productType = "com.apple.product-type.application";
		};
/* End PBXNativeTarget section */

/* Begin PBXProject section */
		D16CECA229DF951D00950F35 /* Project object */ = {
			isa = PBXProject;
			attributes = {
				BuildIndependentTargetsInParallel = 1;
				LastSwiftUpdateCheck = 1410;
				LastUpgradeCheck = 1410;
				TargetAttributes = {
					D16CECA929DF951D00950F35 = {
						CreatedOnToolsVersion = 14.1;
					};
				};
			};
			buildConfigurationList = D16CECA529DF951D00950F35 /* Build configuration list for PBXProject "Landmarks" */;
			compatibilityVersion = "Xcode 14.0";
			developmentRegion = en;
			hasScannedForEncodings = 0;
			knownRegions = (
				en,
				Base,
			);
			mainGroup = D16CECA129DF951D00950F35;
			productRefGroup = D16CECAB29DF951D00950F35 /* Products */;
			projectDirPath = "";
			projectRoot = "";
			targets = (
				D16CECA929DF951D00950F35 /* Landmarks */,
			);
		};
/* End PBXProject section */

/* Begin PBXResourcesBuildPhase section */
		D16CECA829DF951D00950F35 /* Resources */ = {
			isa = PBXResourcesBuildPhase;
			buildActionMask = 2147483647;
			files = (
				D1D1CE5229FC8ECF007C3D04 /* hikeData.json in Resources */,
				D16CECB529DF951E00950F35 /* Preview Assets.xcassets in Resources */,
				D16CECB229DF951E00950F35 /* Assets.xcassets in Resources */,
				D16CECC029DFA79000950F35 /* landmarkData.json in Resources */,
			);
			runOnlyForDeploymentPostprocessing = 0;
		};
/* End PBXResourcesBuildPhase section */

/* Begin PBXSourcesBuildPhase section */
		D16CECA629DF951D00950F35 /* Sources */ = {
			isa = PBXSourcesBuildPhase;
			buildActionMask = 2147483647;
			files = (
				D1D1CE6F29FC95D6007C3D04 /* CategoryRow.swift in Sources */,
				D16CECB029DF951D00950F35 /* ContentView.swift in Sources */,
				D1D1CE6D29FC94AE007C3D04 /* CategoryHome.swift in Sources */,
				D1D1CE6829FC8F9C007C3D04 /* HikeGraph.swift in Sources */,
				D16D21B029E4EA3200DB57F2 /* Badge.swift in Sources */,
				D16CECBE29DF9CFC00950F35 /* MapView.swift in Sources */,
				D1D1CE6729FC8F9C007C3D04 /* GraphCapsule.swift in Sources */,
				D16CECAE29DF951D00950F35 /* LandmarksApp.swift in Sources */,
				D16D21A429E0DB0800DB57F2 /* FavoriteButton.swift in Sources */,
				D1D1CE7229FC96D3007C3D04 /* CategoryItem.swift in Sources */,
				D1D1CE6929FC8F9C007C3D04 /* HikeDetail.swift in Sources */,
				D16D21A829E4E70B00DB57F2 /* HexagonParameters.swift in Sources */,
				D1D1CE5429FC8ED8007C3D04 /* Hike.swift in Sources */,
				D16D21AE29E4E9EA00DB57F2 /* RotatedBadgeSymbol.swift in Sources */,
				D16D21AC29E4E9A100DB57F2 /* BadgeSymbol.swift in Sources */,
				D16CECCB29E037EF00950F35 /* LandmarkList.swift in Sources */,
				D1D1CE6A29FC8F9C007C3D04 /* HikeView.swift in Sources */,
				D16CECCD29E038CE00950F35 /* LandmarkDetail.swift in Sources */,
				D16D21AA29E4E77600DB57F2 /* BadgeBackground.swift in Sources */,
				D16CECBC29DF9C8A00950F35 /* CircleImage.swift in Sources */,
				D16CECC229DFA79A00950F35 /* Landmark.swift in Sources */,
				D16CECC929E0365700950F35 /* LandmarkRow.swift in Sources */,
				D16CECC429E0356600950F35 /* ModelData.swift in Sources */,
			);
			runOnlyForDeploymentPostprocessing = 0;
		};
/* End PBXSourcesBuildPhase section */

/* Begin XCBuildConfiguration section */
		D16CECB629DF951E00950F35 /* Debug */ = {
			isa = XCBuildConfiguration;
			buildSettings = {
				ALWAYS_SEARCH_USER_PATHS = NO;
				CLANG_ANALYZER_NONNULL = YES;
				CLANG_ANALYZER_NUMBER_OBJECT_CONVERSION = YES_AGGRESSIVE;
				CLANG_CXX_LANGUAGE_STANDARD = "gnu++20";
				CLANG_ENABLE_MODULES = YES;
				CLANG_ENABLE_OBJC_ARC = YES;
				CLANG_ENABLE_OBJC_WEAK = YES;
				CLANG_WARN_BLOCK_CAPTURE_AUTORELEASING = YES;
				CLANG_WARN_BOOL_CONVERSION = YES;
				CLANG_WARN_COMMA = YES;
				CLANG_WARN_CONSTANT_CONVERSION = YES;
				CLANG_WARN_DEPRECATED_OBJC_IMPLEMENTATIONS = YES;
				CLANG_WARN_DIRECT_OBJC_ISA_USAGE = YES_ERROR;
				CLANG_WARN_DOCUMENTATION_COMMENTS = YES;
				CLANG_WARN_EMPTY_BODY = YES;
				CLANG_WARN_ENUM_CONVERSION = YES;
				CLANG_WARN_INFINITE_RECURSION = YES;
				CLANG_WARN_INT_CONVERSION = YES;
				CLANG_WARN_NON_LITERAL_NULL_CONVERSION = YES;
				CLANG_WARN_OBJC_IMPLICIT_RETAIN_SELF = YES;
				CLANG_WARN_OBJC_LITERAL_CONVERSION = YES;
				CLANG_WARN_OBJC_ROOT_CLASS = YES_ERROR;
				CLANG_WARN_QUOTED_INCLUDE_IN_FRAMEWORK_HEADER = YES;
				CLANG_WARN_RANGE_LOOP_ANALYSIS = YES;
				CLANG_WARN_STRICT_PROTOTYPES = YES;
				CLANG_WARN_SUSPICIOUS_MOVE = YES;
				CLANG_WARN_UNGUARDED_AVAILABILITY = YES_AGGRESSIVE;
				CLANG_WARN_UNREACHABLE_CODE = YES;
				CLANG_WARN__DUPLICATE_METHOD_MATCH = YES;
				COPY_PHASE_STRIP = NO;
				DEBUG_INFORMATION_FORMAT = dwarf;
				ENABLE_STRICT_OBJC_MSGSEND = YES;
				ENABLE_TESTABILITY = YES;
				GCC_C_LANGUAGE_STANDARD = gnu11;
				GCC_DYNAMIC_NO_PIC = NO;
				GCC_NO_COMMON_BLOCKS = YES;
				GCC_OPTIMIZATION_LEVEL = 0;
				GCC_PREPROCESSOR_DEFINITIONS = (
					"DEBUG=1",
					"$(inherited)",
				);
				GCC_WARN_64_TO_32_BIT_CONVERSION = YES;
				GCC_WARN_ABOUT_RETURN_TYPE = YES_ERROR;
				GCC_WARN_UNDECLARED_SELECTOR = YES;
				GCC_WARN_UNINITIALIZED_AUTOS = YES_AGGRESSIVE;
				GCC_WARN_UNUSED_FUNCTION = YES;
				GCC_WARN_UNUSED_VARIABLE = YES;
				IPHONEOS_DEPLOYMENT_TARGET = 16.1;
				MTL_ENABLE_DEBUG_INFO = INCLUDE_SOURCE;
				MTL_FAST_MATH = YES;
				ONLY_ACTIVE_ARCH = YES;
				SDKROOT = iphoneos;
				SWIFT_ACTIVE_COMPILATION_CONDITIONS = DEBUG;
				SWIFT_OPTIMIZATION_LEVEL = "-Onone";
			};
			name = Debug;
		};
		D16CECB729DF951E00950F35 /* Release */ = {
			isa = XCBuildConfiguration;
			buildSettings = {
				ALWAYS_SEARCH_USER_PATHS = NO;
				CLANG_ANALYZER_NONNULL = YES;
				CLANG_ANALYZER_NUMBER_OBJECT_CONVERSION = YES_AGGRESSIVE;
				CLANG_CXX_LANGUAGE_STANDARD = "gnu++20";
				CLANG_ENABLE_MODULES = YES;
				CLANG_ENABLE_OBJC_ARC = YES;
				CLANG_ENABLE_OBJC_WEAK = YES;
				CLANG_WARN_BLOCK_CAPTURE_AUTORELEASING = YES;
				CLANG_WARN_BOOL_CONVERSION = YES;
				CLANG_WARN_COMMA = YES;
				CLANG_WARN_CONSTANT_CONVERSION = YES;
				CLANG_WARN_DEPRECATED_OBJC_IMPLEMENTATIONS = YES;
				CLANG_WARN_DIRECT_OBJC_ISA_USAGE = YES_ERROR;
				CLANG_WARN_DOCUMENTATION_COMMENTS = YES;
				CLANG_WARN_EMPTY_BODY = YES;
				CLANG_WARN_ENUM_CONVERSION = YES;
				CLANG_WARN_INFINITE_RECURSION = YES;
				CLANG_WARN_INT_CONVERSION = YES;
				CLANG_WARN_NON_LITERAL_NULL_CONVERSION = YES;
				CLANG_WARN_OBJC_IMPLICIT_RETAIN_SELF = YES;
				CLANG_WARN_OBJC_LITERAL_CONVERSION = YES;
				CLANG_WARN_OBJC_ROOT_CLASS = YES_ERROR;
				CLANG_WARN_QUOTED_INCLUDE_IN_FRAMEWORK_HEADER = YES;
				CLANG_WARN_RANGE_LOOP_ANALYSIS = YES;
				CLANG_WARN_STRICT_PROTOTYPES = YES;
				CLANG_WARN_SUSPICIOUS_MOVE = YES;
				CLANG_WARN_UNGUARDED_AVAILABILITY = YES_AGGRESSIVE;
				CLANG_WARN_UNREACHABLE_CODE = YES;
				CLANG_WARN__DUPLICATE_METHOD_MATCH = YES;
				COPY_PHASE_STRIP = NO;
				DEBUG_INFORMATION_FORMAT = "dwarf-with-dsym";
				ENABLE_NS_ASSERTIONS = NO;
				ENABLE_STRICT_OBJC_MSGSEND = YES;
				GCC_C_LANGUAGE_STANDARD = gnu11;
				GCC_NO_COMMON_BLOCKS = YES;
				GCC_WARN_64_TO_32_BIT_CONVERSION = YES;
				GCC_WARN_ABOUT_RETURN_TYPE = YES_ERROR;
				GCC_WARN_UNDECLARED_SELECTOR = YES;
				GCC_WARN_UNINITIALIZED_AUTOS = YES_AGGRESSIVE;
				GCC_WARN_UNUSED_FUNCTION = YES;
				GCC_WARN_UNUSED_VARIABLE = YES;
				IPHONEOS_DEPLOYMENT_TARGET = 16.1;
				MTL_ENABLE_DEBUG_INFO = NO;
				MTL_FAST_MATH = YES;
				SDKROOT = iphoneos;
				SWIFT_COMPILATION_MODE = wholemodule;
				SWIFT_OPTIMIZATION_LEVEL = "-O";
				VALIDATE_PRODUCT = YES;
			};
			name = Release;
		};
		D16CECB929DF951E00950F35 /* Debug */ = {
			isa = XCBuildConfiguration;
			buildSettings = {
				ASSETCATALOG_COMPILER_APPICON_NAME = AppIcon;
				ASSETCATALOG_COMPILER_GLOBAL_ACCENT_COLOR_NAME = AccentColor;
				CODE_SIGN_STYLE = Automatic;
				CURRENT_PROJECT_VERSION = 1;
				DEVELOPMENT_ASSET_PATHS = "\"Landmarks/Preview Content\"";
				DEVELOPMENT_TEAM = EL662MFWXA;
				ENABLE_PREVIEWS = YES;
				GENERATE_INFOPLIST_FILE = YES;
				INFOPLIST_KEY_UIApplicationSceneManifest_Generation = YES;
				INFOPLIST_KEY_UIApplicationSupportsIndirectInputEvents = YES;
				INFOPLIST_KEY_UILaunchScreen_Generation = YES;
				INFOPLIST_KEY_UISupportedInterfaceOrientations_iPad = "UIInterfaceOrientationPortrait UIInterfaceOrientationPortraitUpsideDown UIInterfaceOrientationLandscapeLeft UIInterfaceOrientationLandscapeRight";
				INFOPLIST_KEY_UISupportedInterfaceOrientations_iPhone = "UIInterfaceOrientationPortrait UIInterfaceOrientationLandscapeLeft UIInterfaceOrientationLandscapeRight";
				LD_RUNPATH_SEARCH_PATHS = (
					"$(inherited)",
					"@executable_path/Frameworks",
				);
				MARKETING_VERSION = 1.0;
				PRODUCT_BUNDLE_IDENTIFIER = com.derpoliuk.Landmarks;
				PRODUCT_NAME = "$(TARGET_NAME)";
				SWIFT_EMIT_LOC_STRINGS = YES;
				SWIFT_VERSION = 5.0;
				TARGETED_DEVICE_FAMILY = "1,2";
			};
			name = Debug;
		};
		D16CECBA29DF951E00950F35 /* Release */ = {
			isa = XCBuildConfiguration;
			buildSettings = {
				ASSETCATALOG_COMPILER_APPICON_NAME = AppIcon;
				ASSETCATALOG_COMPILER_GLOBAL_ACCENT_COLOR_NAME = AccentColor;
				CODE_SIGN_STYLE = Automatic;
				CURRENT_PROJECT_VERSION = 1;
				DEVELOPMENT_ASSET_PATHS = "\"Landmarks/Preview Content\"";
				DEVELOPMENT_TEAM = EL662MFWXA;
				ENABLE_PREVIEWS = YES;
				GENERATE_INFOPLIST_FILE = YES;
				INFOPLIST_KEY_UIApplicationSceneManifest_Generation = YES;
				INFOPLIST_KEY_UIApplicationSupportsIndirectInputEvents = YES;
				INFOPLIST_KEY_UILaunchScreen_Generation = YES;
				INFOPLIST_KEY_UISupportedInterfaceOrientations_iPad = "UIInterfaceOrientationPortrait UIInterfaceOrientationPortraitUpsideDown UIInterfaceOrientationLandscapeLeft UIInterfaceOrientationLandscapeRight";
				INFOPLIST_KEY_UISupportedInterfaceOrientations_iPhone = "UIInterfaceOrientationPortrait UIInterfaceOrientationLandscapeLeft UIInterfaceOrientationLandscapeRight";
				LD_RUNPATH_SEARCH_PATHS = (
					"$(inherited)",
					"@executable_path/Frameworks",
				);
				MARKETING_VERSION = 1.0;
				PRODUCT_BUNDLE_IDENTIFIER = com.derpoliuk.Landmarks;
				PRODUCT_NAME = "$(TARGET_NAME)";
				SWIFT_EMIT_LOC_STRINGS = YES;
				SWIFT_VERSION = 5.0;
				TARGETED_DEVICE_FAMILY = "1,2";
			};
			name = Release;
		};
/* End XCBuildConfiguration section */

/* Begin XCConfigurationList section */
		D16CECA529DF951D00950F35 /* Build configuration list for PBXProject "Landmarks" */ = {
			isa = XCConfigurationList;
			buildConfigurations = (
				D16CECB629DF951E00950F35 /* Debug */,
				D16CECB729DF951E00950F35 /* Release */,
			);
			defaultConfigurationIsVisible = 0;
			defaultConfigurationName = Release;
		};
		D16CECB829DF951E00950F35 /* Build configuration list for PBXNativeTarget "Landmarks" */ = {
			isa = XCConfigurationList;
			buildConfigurations = (
				D16CECB929DF951E00950F35 /* Debug */,
				D16CECBA29DF951E00950F35 /* Release */,
			);
			defaultConfigurationIsVisible = 0;
			defaultConfigurationName = Release;
		};
/* End XCConfigurationList section */
	};
	rootObject = D16CECA229DF951D00950F35 /* Project object */;
}
